
Microsoft Visual Studio Solution File, Format Version 11.00
# Visual Studio 2010
Project("{FAE04EC0-301F-11D3-BF4B-00C04F79EFBC}") = "App.Android", "App.Android\App.Android.csproj", "{CD5233A7-853D-455D-995E-DB0328BFC96A}"
EndProject
Project("{FAE04EC0-301F-11D3-BF4B-00C04F79EFBC}") = "Tests", "Tests\Tests.csproj", "{7A9B3DF7-23A0-4134-8B84-DA42FF8FDA67}"
EndProject
Project("{FAE04EC0-301F-11D3-BF4B-00C04F79EFBC}") = "App.Domain", "App.Domain\App.Domain.csproj", "{15B1C651-8444-4A89-9B75-1F9E247204E3}"
EndProject
Project("{FAE04EC0-301F-11D3-BF4B-00C04F79EFBC}") = "App.Common", "App.Common\App.Common.csproj", "{5D4D58B9-7DEF-472C-B1A2-09B2603CFD83}"
EndProject
Global
	GlobalSection(SolutionConfigurationPlatforms) = preSolution
		Debug|Any CPU = Debug|Any CPU
		Release|Any CPU = Release|Any CPU
	EndGlobalSection
	GlobalSection(ProjectConfigurationPlatforms) = postSolution
		{15B1C651-8444-4A89-9B75-1F9E247204E3}.Debug|Any CPU.ActiveCfg = Debug|Any CPU
		{15B1C651-8444-4A89-9B75-1F9E247204E3}.Debug|Any CPU.Build.0 = Debug|Any CPU
		{15B1C651-8444-4A89-9B75-1F9E247204E3}.Release|Any CPU.ActiveCfg = Release|Any CPU
		{15B1C651-8444-4A89-9B75-1F9E247204E3}.Release|Any CPU.Build.0 = Release|Any CPU
		{5D4D58B9-7DEF-472C-B1A2-09B2603CFD83}.Debug|Any CPU.ActiveCfg = Debug|Any CPU
		{5D4D58B9-7DEF-472C-B1A2-09B2603CFD83}.Debug|Any CPU.Build.0 = Debug|Any CPU
		{5D4D58B9-7DEF-472C-B1A2-09B2603CFD83}.Release|Any CPU.ActiveCfg = Release|Any CPU
		{5D4D58B9-7DEF-472C-B1A2-09B2603CFD83}.Release|Any CPU.Build.0 = Release|Any CPU
		{7A9B3DF7-23A0-4134-8B84-DA42FF8FDA67}.Debug|Any CPU.ActiveCfg = Debug|Any CPU
		{7A9B3DF7-23A0-4134-8B84-DA42FF8FDA67}.Debug|Any CPU.Build.0 = Debug|Any CPU
		{7A9B3DF7-23A0-4134-8B84-DA42FF8FDA67}.Release|Any CPU.ActiveCfg = Release|Any CPU
		{7A9B3DF7-23A0-4134-8B84-DA42FF8FDA67}.Release|Any CPU.Build.0 = Release|Any CPU
		{CD5233A7-853D-455D-995E-DB0328BFC96A}.Debug|Any CPU.ActiveCfg = Debug|Any CPU
		{CD5233A7-853D-455D-995E-DB0328BFC96A}.Debug|Any CPU.Build.0 = Debug|Any CPU
		{CD5233A7-853D-455D-995E-DB0328BFC96A}.Release|Any CPU.ActiveCfg = Release|Any CPU
		{CD5233A7-853D-455D-995E-DB0328BFC96A}.Release|Any CPU.Build.0 = Release|Any CPU
	EndGlobalSection
	GlobalSection(MonoDevelopProperties) = preSolution
		StartupItem = Android02\App.Android.csproj
	EndGlobalSection
EndGlobal
